
Microsoft Visual Studio Solution File, Format Version 12.00
# Visual Studio Version 16
VisualStudioVersion = 16.0.29230.47
MinimumVisualStudioVersion = 10.0.40219.1
Project("{FAE04EC0-301F-11D3-BF4B-00C04F79EFBC}") = "HocTiengNhat", "HocTiengNhat\HocTiengNhat.csproj", "{DABB296E-CF91-44E9-AF78-35686F77EB38}"
EndProject
Global
	GlobalSection(SolutionConfigurationPlatforms) = preSolution
		Debug|Any CPU = Debug|Any CPU
		Release|Any CPU = Release|Any CPU
	EndGlobalSection
	GlobalSection(ProjectConfigurationPlatforms) = postSolution
		{DABB296E-CF91-44E9-AF78-35686F77EB38}.Debug|Any CPU.ActiveCfg = Debug|Any CPU
		{DABB296E-CF91-44E9-AF78-35686F77EB38}.Debug|Any CPU.Build.0 = Debug|Any CPU
		{DABB296E-CF91-44E9-AF78-35686F77EB38}.Release|Any CPU.ActiveCfg = Release|Any CPU
		{DABB296E-CF91-44E9-AF78-35686F77EB38}.Release|Any CPU.Build.0 = Release|Any CPU
	EndGlobalSection
	GlobalSection(SolutionProperties) = preSolution
		HideSolutionNode = FALSE
	EndGlobalSection
	GlobalSection(ExtensibilityGlobals) = postSolution
		SolutionGuid = {B979C2E4-C877-45BE-B156-BBF034B56C17}
	EndGlobalSection
EndGlobal
